
Microsoft Visual Studio Solution File, Format Version 12.00
# Visual Studio Version 16
VisualStudioVersion = 16.0.32929.386
MinimumVisualStudioVersion = 10.0.40219.1
Project("{FAE04EC0-301F-11D3-BF4B-00C04F79EFBC}") = "eTicketss", "eTicketss.csproj", "{1438DC09-E2DA-4A67-A09F-282315F14184}"
EndProject
Global
	GlobalSection(SolutionConfigurationPlatforms) = preSolution
		Debug|Any CPU = Debug|Any CPU
		Release|Any CPU = Release|Any CPU
	EndGlobalSection
	GlobalSection(ProjectConfigurationPlatforms) = postSolution
		{1438DC09-E2DA-4A67-A09F-282315F14184}.Debug|Any CPU.ActiveCfg = Debug|Any CPU
		{1438DC09-E2DA-4A67-A09F-282315F14184}.Debug|Any CPU.Build.0 = Debug|Any CPU
		{1438DC09-E2DA-4A67-A09F-282315F14184}.Release|Any CPU.ActiveCfg = Release|Any CPU
		{1438DC09-E2DA-4A67-A09F-282315F14184}.Release|Any CPU.Build.0 = Release|Any CPU
	EndGlobalSection
	GlobalSection(SolutionProperties) = preSolution
		HideSolutionNode = FALSE
	EndGlobalSection
	GlobalSection(ExtensibilityGlobals) = postSolution
		SolutionGuid = {0B9D4839-C36B-43C5-BE54-E7980DBADCAD}
	EndGlobalSection
EndGlobal
